
Microsoft Visual Studio Solution File, Format Version 12.00
# Visual Studio Version 16
VisualStudioVersion = 16.0.31613.86
MinimumVisualStudioVersion = 10.0.40219.1
Project("{FAE04EC0-301F-11D3-BF4B-00C04F79EFBC}") = "Frågesport_GUI", "Frågesport_GUI\Frågesport_GUI.csproj", "{B201CC54-FF32-4929-B250-9B9F490B2DEF}"
EndProject
Global
	GlobalSection(SolutionConfigurationPlatforms) = preSolution
		Debug|Any CPU = Debug|Any CPU
		Release|Any CPU = Release|Any CPU
	EndGlobalSection
	GlobalSection(ProjectConfigurationPlatforms) = postSolution
		{B201CC54-FF32-4929-B250-9B9F490B2DEF}.Debug|Any CPU.ActiveCfg = Debug|Any CPU
		{B201CC54-FF32-4929-B250-9B9F490B2DEF}.Debug|Any CPU.Build.0 = Debug|Any CPU
		{B201CC54-FF32-4929-B250-9B9F490B2DEF}.Release|Any CPU.ActiveCfg = Release|Any CPU
		{B201CC54-FF32-4929-B250-9B9F490B2DEF}.Release|Any CPU.Build.0 = Release|Any CPU
	EndGlobalSection
	GlobalSection(SolutionProperties) = preSolution
		HideSolutionNode = FALSE
	EndGlobalSection
	GlobalSection(ExtensibilityGlobals) = postSolution
		SolutionGuid = {4D6EDDB3-379E-41FE-B407-6727CC6A0159}
	EndGlobalSection
EndGlobal
